<?xml version="1.0" encoding="utf-8"?>
<Project ToolsVersion="4.0" xmlns="http://schemas.microsoft.com/developer/msbuild/2003">
  <ItemGroup>
    <Filter Include="Source Files">
      <UniqueIdentifier>{4FC737F1-C7A5-4376-A066-2A32D752A2FF}</UniqueIdentifier>
      <Extensions>cpp;c;cc;cxx;def;odl;idl;hpj;bat;asm;asmx</Extensions>
    </Filter>
    <Filter Include="Header Files">
      <UniqueIdentifier>{93995380-89BD-4b04-88EB-625FBE52EBFB}</UniqueIdentifier>
      <Extensions>h;hpp;hxx;hm;inl;inc;xsd</Extensions>
    </Filter>
    <Filter Include="Resource Files">
      <UniqueIdentifier>{67DA6AB6-F800-4c08-8B7A-83BB121AAD01}</UniqueIdentifier>
      <Extensions>rc;ico;cur;bmp;dlg;rc2;rct;bin;rgs;gif;jpg;jpeg;jpe;resx;tiff;tif;png;wav;mfcribbon-ms</Extensions>
    </Filter>
    <Filter Include="Misc">
      <UniqueIdentifier>{5dca4f7c-ec50-4386-a7ed-96342d6c60eb}</UniqueIdentifier>
    </Filter>
    <Filter Include="Header Files\containers">
      <UniqueIdentifier>{7a831cde-5cac-4040-bf5b-cd3a65a96793}</UniqueIdentifier>
    </Filter>
  </ItemGroup>
  <ItemGroup>
    <ClInclude Include="src\vga.h">
      <Filter>Header Files</Filter>
    </ClInclude>
    <ClInclude Include="src\types.h">
      <Filter>Header Files</Filter>
    </ClInclude>
    <ClInclude Include="src\stdinc.h">
      <Filter>Header Files</Filter>
    </ClInclude>
    <ClInclude Include="src\gdt.h">
      <Filter>Header Files</Filter>
    </ClInclude>
    <ClInclude Include="src\idt.h">
      <Filter>Header Files</Filter>
    </ClInclude>
    <ClInclude Include="src\machine.h">
      <Filter>Header Files</Filter>
    </ClInclude>
    <ClInclude Include="src\stdio.h">
      <Filter>Header Files</Filter>
    </ClInclude>
    <ClInclude Include="src\kernel.h">
      <Filter>Header Files</Filter>
    </ClInclude>
    <ClInclude Include="src\irq.h">
      <Filter>Header Files</Filter>
    </ClInclude>
    <ClInclude Include="src\keyboard.h">
      <Filter>Header Files</Filter>
    </ClInclude>
    <ClInclude Include="src\vmm.h">
      <Filter>Header Files</Filter>
    </ClInclude>
    <ClInclude Include="src\physframe.h">
      <Filter>Header Files</Filter>
    </ClInclude>
    <ClInclude Include="src\thread.h">
      <Filter>Header Files</Filter>
    </ClInclude>
    <ClInclude Include="src\deque.h">
      <Filter>Header Files\containers</Filter>
    </ClInclude>
  </ItemGroup>
  <ItemGroup>
    <ClCompile Include="src\start.cpp">
      <Filter>Source Files</Filter>
    </ClCompile>
    <ClCompile Include="src\vga.cpp">
      <Filter>Source Files</Filter>
    </ClCompile>
    <ClCompile Include="src\gdt.cpp">
      <Filter>Source Files</Filter>
    </ClCompile>
    <ClCompile Include="src\idt.cpp">
      <Filter>Source Files</Filter>
    </ClCompile>
    <ClCompile Include="src\kernel.cpp">
      <Filter>Source Files</Filter>
    </ClCompile>
    <ClCompile Include="src\stdio.cpp">
      <Filter>Source Files</Filter>
    </ClCompile>
    <ClCompile Include="src\irq.cpp">
      <Filter>Source Files</Filter>
    </ClCompile>
    <ClCompile Include="src\keyboard.cpp">
      <Filter>Source Files</Filter>
    </ClCompile>
    <ClCompile Include="src\vmm.cpp">
      <Filter>Source Files</Filter>
    </ClCompile>
    <ClCompile Include="src\physframe.cpp">
      <Filter>Source Files</Filter>
    </ClCompile>
  </ItemGroup>
  <ItemGroup>
    <None Include=".gitignore">
      <Filter>Misc</Filter>
    </None>
    <None Include="README.txt">
      <Filter>Misc</Filter>
    </None>
  </ItemGroup>
</Project>